
Microsoft Visual Studio Solution File, Format Version 12.00
# Visual Studio 2015
Project("{FAE04EC0-301F-11D3-BF4B-00C04F79EFBC}") = "unityremotecontroller", "unityremotecontroller.csproj", "{D76A358E-489A-4A7A-3F4F-A5B8016DF409}"
EndProject
Global
	GlobalSection(SolutionConfigurationPlatforms) = preSolution
		Debug|Any CPU = Debug|Any CPU
		Release|Any CPU = Release|Any CPU
	EndGlobalSection
	GlobalSection(ProjectConfigurationPlatforms) = postSolution
		{D76A358E-489A-4A7A-3F4F-A5B8016DF409}.Debug|Any CPU.ActiveCfg = Debug|Any CPU
		{D76A358E-489A-4A7A-3F4F-A5B8016DF409}.Debug|Any CPU.Build.0 = Debug|Any CPU
		{D76A358E-489A-4A7A-3F4F-A5B8016DF409}.Release|Any CPU.ActiveCfg = Release|Any CPU
		{D76A358E-489A-4A7A-3F4F-A5B8016DF409}.Release|Any CPU.Build.0 = Release|Any CPU
	EndGlobalSection
	GlobalSection(SolutionProperties) = preSolution
		HideSolutionNode = FALSE
	EndGlobalSection
EndGlobal
